
Microsoft Visual Studio Solution File, Format Version 12.00
# Visual Studio Version 17
VisualStudioVersion = 17.0.31903.59
MinimumVisualStudioVersion = 10.0.40219.1
Project("{FAE04EC0-301F-11D3-BF4B-00C04F79EFBC}") = "IoTDataApi", "IoTDataApi\IoTDataApi.csproj", "{AC713DF4-21AF-43AA-9D39-0817C8A2B8C7}"
EndProject
Project("{FAE04EC0-301F-11D3-BF4B-00C04F79EFBC}") = "IoTDataApi.Application", "IoTDataApi.Application\IoTDataApi.Application.csproj", "{BCA2D93C-624A-425B-A61D-DB101C613833}"
EndProject
Project("{FAE04EC0-301F-11D3-BF4B-00C04F79EFBC}") = "IoTDataApi.Domain", "IoTDataApi.Domain\IoTDataApi.Domain.csproj", "{8FF38E85-59D1-469E-88F7-2544D7723054}"
EndProject
Project("{FAE04EC0-301F-11D3-BF4B-00C04F79EFBC}") = "IoTDataApi.Infrastructure", "IoTDataApi.Infrastructure\IoTDataApi.Infrastructure.csproj", "{496FD916-69EB-4F78-80DF-874EB383C488}"
EndProject
Global
	GlobalSection(SolutionConfigurationPlatforms) = preSolution
		Debug|Any CPU = Debug|Any CPU
		Release|Any CPU = Release|Any CPU
	EndGlobalSection
	GlobalSection(SolutionProperties) = preSolution
		HideSolutionNode = FALSE
	EndGlobalSection
	GlobalSection(ProjectConfigurationPlatforms) = postSolution
		{AC713DF4-21AF-43AA-9D39-0817C8A2B8C7}.Debug|Any CPU.ActiveCfg = Debug|Any CPU
		{AC713DF4-21AF-43AA-9D39-0817C8A2B8C7}.Debug|Any CPU.Build.0 = Debug|Any CPU
		{AC713DF4-21AF-43AA-9D39-0817C8A2B8C7}.Release|Any CPU.ActiveCfg = Release|Any CPU
		{AC713DF4-21AF-43AA-9D39-0817C8A2B8C7}.Release|Any CPU.Build.0 = Release|Any CPU
		{BCA2D93C-624A-425B-A61D-DB101C613833}.Debug|Any CPU.ActiveCfg = Debug|Any CPU
		{BCA2D93C-624A-425B-A61D-DB101C613833}.Debug|Any CPU.Build.0 = Debug|Any CPU
		{BCA2D93C-624A-425B-A61D-DB101C613833}.Release|Any CPU.ActiveCfg = Release|Any CPU
		{BCA2D93C-624A-425B-A61D-DB101C613833}.Release|Any CPU.Build.0 = Release|Any CPU
		{8FF38E85-59D1-469E-88F7-2544D7723054}.Debug|Any CPU.ActiveCfg = Debug|Any CPU
		{8FF38E85-59D1-469E-88F7-2544D7723054}.Debug|Any CPU.Build.0 = Debug|Any CPU
		{8FF38E85-59D1-469E-88F7-2544D7723054}.Release|Any CPU.ActiveCfg = Release|Any CPU
		{8FF38E85-59D1-469E-88F7-2544D7723054}.Release|Any CPU.Build.0 = Release|Any CPU
		{496FD916-69EB-4F78-80DF-874EB383C488}.Debug|Any CPU.ActiveCfg = Debug|Any CPU
		{496FD916-69EB-4F78-80DF-874EB383C488}.Debug|Any CPU.Build.0 = Debug|Any CPU
		{496FD916-69EB-4F78-80DF-874EB383C488}.Release|Any CPU.ActiveCfg = Release|Any CPU
		{496FD916-69EB-4F78-80DF-874EB383C488}.Release|Any CPU.Build.0 = Release|Any CPU
	EndGlobalSection
EndGlobal
